# THIS IS AN AUTOGENERATED FILE. DO NOT EDIT THIS FILE DIRECTLY.
# yarn lockfile v1


"@react-native-community/netinfo@^3.2.1":
  version "3.2.1"
  resolved "https://registry.yarnpkg.com/@react-native-community/netinfo/-/netinfo-3.2.1.tgz#cd073b81a4b978f7f55f1a960a0b56c462813e02"
  integrity sha512-A2qANOnlRDVe+8kMbKMwy3/0bOlOA2+y8DyWg2Rv2KHICIfin+oxixbG0ewAOLQdLkSEyyumZXRmIVl7VI/KJg==
